
Microsoft Visual Studio Solution File, Format Version 12.00
# Visual Studio Version 17
VisualStudioVersion = 17.1.32328.378
MinimumVisualStudioVersion = 10.0.40219.1
Project("{FAE04EC0-301F-11D3-BF4B-00C04F79EFBC}") = "Ulaznice.com", "Ulaznice.com\Ulaznice.com.csproj", "{C7108A15-ECBD-43E3-B6AB-7CE7366F5325}"
EndProject
Global
	GlobalSection(SolutionConfigurationPlatforms) = preSolution
		Debug|Any CPU = Debug|Any CPU
		Release|Any CPU = Release|Any CPU
	EndGlobalSection
	GlobalSection(ProjectConfigurationPlatforms) = postSolution
		{C7108A15-ECBD-43E3-B6AB-7CE7366F5325}.Debug|Any CPU.ActiveCfg = Debug|Any CPU
		{C7108A15-ECBD-43E3-B6AB-7CE7366F5325}.Debug|Any CPU.Build.0 = Debug|Any CPU
		{C7108A15-ECBD-43E3-B6AB-7CE7366F5325}.Release|Any CPU.ActiveCfg = Release|Any CPU
		{C7108A15-ECBD-43E3-B6AB-7CE7366F5325}.Release|Any CPU.Build.0 = Release|Any CPU
	EndGlobalSection
	GlobalSection(SolutionProperties) = preSolution
		HideSolutionNode = FALSE
	EndGlobalSection
	GlobalSection(ExtensibilityGlobals) = postSolution
		SolutionGuid = {00155B73-FD28-4D3F-923D-94762AC58F81}
	EndGlobalSection
EndGlobal
